// !$*UTF8*$!
{
	archiveVersion = 1;
	classes = {
	};
	objectVersion = 56;
	objects = {

/* Begin PBXBuildFile section */
		451A6B059110B3CB0E73D5A0 /* Pods_GitHubUserTest.framework in Frameworks */ = {isa = PBXBuildFile; fileRef = 55C55DBDA0DA77AFD116F8DA /* Pods_GitHubUserTest.framework */; };
		49E30DD22B9CE6EA00CC7A2B /* AppDelegate.swift in Sources */ = {isa = PBXBuildFile; fileRef = 49E30DD12B9CE6EA00CC7A2B /* AppDelegate.swift */; };
		49E30DD92B9CE6EA00CC7A2B /* Main.storyboard in Resources */ = {isa = PBXBuildFile; fileRef = 49E30DD72B9CE6EA00CC7A2B /* Main.storyboard */; };
		49E30DDB2B9CE6EB00CC7A2B /* Assets.xcassets in Resources */ = {isa = PBXBuildFile; fileRef = 49E30DDA2B9CE6EB00CC7A2B /* Assets.xcassets */; };
		49E30DDE2B9CE6EB00CC7A2B /* LaunchScreen.storyboard in Resources */ = {isa = PBXBuildFile; fileRef = 49E30DDC2B9CE6EB00CC7A2B /* LaunchScreen.storyboard */; };
		49E30DE62B9D09ED00CC7A2B /* HomeViewController.swift in Sources */ = {isa = PBXBuildFile; fileRef = 49E30DE52B9D09ED00CC7A2B /* HomeViewController.swift */; };
		49E30DE92B9D0F0400CC7A2B /* ApiService.swift in Sources */ = {isa = PBXBuildFile; fileRef = 49E30DE82B9D0F0400CC7A2B /* ApiService.swift */; };
		49E30DEC2B9D115F00CC7A2B /* UserBean.swift in Sources */ = {isa = PBXBuildFile; fileRef = 49E30DEB2B9D115F00CC7A2B /* UserBean.swift */; };
/* End PBXBuildFile section */

/* Begin PBXFileReference section */
		49E30DCE2B9CE6EA00CC7A2B /* GitHubUserTest.app */ = {isa = PBXFileReference; explicitFileType = wrapper.application; includeInIndex = 0; path = GitHubUserTest.app; sourceTree = BUILT_PRODUCTS_DIR; };
		49E30DD12B9CE6EA00CC7A2B /* AppDelegate.swift */ = {isa = PBXFileReference; lastKnownFileType = sourcecode.swift; path = AppDelegate.swift; sourceTree = "<group>"; };
		49E30DD82B9CE6EA00CC7A2B /* Base */ = {isa = PBXFileReference; lastKnownFileType = file.storyboard; name = Base; path = Base.lproj/Main.storyboard; sourceTree = "<group>"; };
		49E30DDA2B9CE6EB00CC7A2B /* Assets.xcassets */ = {isa = PBXFileReference; lastKnownFileType = folder.assetcatalog; path = Assets.xcassets; sourceTree = "<group>"; };
		49E30DDD2B9CE6EB00CC7A2B /* Base */ = {isa = PBXFileReference; lastKnownFileType = file.storyboard; name = Base; path = Base.lproj/LaunchScreen.storyboard; sourceTree = "<group>"; };
		49E30DDF2B9CE6EB00CC7A2B /* Info.plist */ = {isa = PBXFileReference; lastKnownFileType = text.plist.xml; path = Info.plist; sourceTree = "<group>"; };
		49E30DE52B9D09ED00CC7A2B /* HomeViewController.swift */ = {isa = PBXFileReference; lastKnownFileType = sourcecode.swift; path = HomeViewController.swift; sourceTree = "<group>"; };
		49E30DE82B9D0F0400CC7A2B /* ApiService.swift */ = {isa = PBXFileReference; lastKnownFileType = sourcecode.swift; path = ApiService.swift; sourceTree = "<group>"; };
		49E30DEB2B9D115F00CC7A2B /* UserBean.swift */ = {isa = PBXFileReference; lastKnownFileType = sourcecode.swift; path = UserBean.swift; sourceTree = "<group>"; };
		55C55DBDA0DA77AFD116F8DA /* Pods_GitHubUserTest.framework */ = {isa = PBXFileReference; explicitFileType = wrapper.framework; includeInIndex = 0; path = Pods_GitHubUserTest.framework; sourceTree = BUILT_PRODUCTS_DIR; };
		7A4F37189E9E308EE84D80C7 /* Pods-GitHubUserTest.debug.xcconfig */ = {isa = PBXFileReference; includeInIndex = 1; lastKnownFileType = text.xcconfig; name = "Pods-GitHubUserTest.debug.xcconfig"; path = "Target Support Files/Pods-GitHubUserTest/Pods-GitHubUserTest.debug.xcconfig"; sourceTree = "<group>"; };
		F872C2F4A2FF8388109E575B /* Pods-GitHubUserTest.release.xcconfig */ = {isa = PBXFileReference; includeInIndex = 1; lastKnownFileType = text.xcconfig; name = "Pods-GitHubUserTest.release.xcconfig"; path = "Target Support Files/Pods-GitHubUserTest/Pods-GitHubUserTest.release.xcconfig"; sourceTree = "<group>"; };
/* End PBXFileReference section */

/* Begin PBXFrameworksBuildPhase section */
		49E30DCB2B9CE6EA00CC7A2B /* Frameworks */ = {
			isa = PBXFrameworksBuildPhase;
			buildActionMask = 2147483647;
			files = (
				451A6B059110B3CB0E73D5A0 /* Pods_GitHubUserTest.framework in Frameworks */,
			);
			runOnlyForDeploymentPostprocessing = 0;
		};
/* End PBXFrameworksBuildPhase section */

/* Begin PBXGroup section */
		49E30DC52B9CE6E900CC7A2B = {
			isa = PBXGroup;
			children = (
				49E30DD02B9CE6EA00CC7A2B /* GitHubUserTest */,
				49E30DCF2B9CE6EA00CC7A2B /* Products */,
				8238ED5970A3E3A80D188569 /* Pods */,
				FDBB94A375997C4021F803E0 /* Frameworks */,
			);
			sourceTree = "<group>";
		};
		49E30DCF2B9CE6EA00CC7A2B /* Products */ = {
			isa = PBXGroup;
			children = (
				49E30DCE2B9CE6EA00CC7A2B /* GitHubUserTest.app */,
			);
			name = Products;
			sourceTree = "<group>";
		};
		49E30DD02B9CE6EA00CC7A2B /* GitHubUserTest */ = {
			isa = PBXGroup;
			children = (
				49E30DEA2B9D114E00CC7A2B /* Beans */,
				49E30DE72B9D0EF100CC7A2B /* Services */,
				49E30DE52B9D09ED00CC7A2B /* HomeViewController.swift */,
				49E30DD12B9CE6EA00CC7A2B /* AppDelegate.swift */,
				49E30DD72B9CE6EA00CC7A2B /* Main.storyboard */,
				49E30DDA2B9CE6EB00CC7A2B /* Assets.xcassets */,
				49E30DDC2B9CE6EB00CC7A2B /* LaunchScreen.storyboard */,
				49E30DDF2B9CE6EB00CC7A2B /* Info.plist */,
			);
			path = GitHubUserTest;
			sourceTree = "<group>";
		};
		49E30DE72B9D0EF100CC7A2B /* Services */ = {
			isa = PBXGroup;
			children = (
				49E30DE82B9D0F0400CC7A2B /* ApiService.swift */,
			);
			path = Services;
			sourceTree = "<group>";
		};
		49E30DEA2B9D114E00CC7A2B /* Beans */ = {
			isa = PBXGroup;
			children = (
				49E30DEB2B9D115F00CC7A2B /* UserBean.swift */,
			);
			path = Beans;
			sourceTree = "<group>";
		};
		8238ED5970A3E3A80D188569 /* Pods */ = {
			isa = PBXGroup;
			children = (
				7A4F37189E9E308EE84D80C7 /* Pods-GitHubUserTest.debug.xcconfig */,
				F872C2F4A2FF8388109E575B /* Pods-GitHubUserTest.release.xcconfig */,
			);
			path = Pods;
			sourceTree = "<group>";
		};
		FDBB94A375997C4021F803E0 /* Frameworks */ = {
			isa = PBXGroup;
			children = (
				55C55DBDA0DA77AFD116F8DA /* Pods_GitHubUserTest.framework */,
			);
			name = Frameworks;
			sourceTree = "<group>";
		};
/* End PBXGroup section */

/* Begin PBXNativeTarget section */
		49E30DCD2B9CE6EA00CC7A2B /* GitHubUserTest */ = {
			isa = PBXNativeTarget;
			buildConfigurationList = 49E30DE22B9CE6EB00CC7A2B /* Build configuration list for PBXNativeTarget "GitHubUserTest" */;
			buildPhases = (
				328C57CB0FA0517F884090A8 /* [CP] Check Pods Manifest.lock */,
				49E30DCA2B9CE6EA00CC7A2B /* Sources */,
				49E30DCB2B9CE6EA00CC7A2B /* Frameworks */,
				49E30DCC2B9CE6EA00CC7A2B /* Resources */,
				BCDA68FF33CFDFEC394853AA /* [CP] Embed Pods Frameworks */,
			);
			buildRules = (
			);
			dependencies = (
			);
			name = GitHubUserTest;
			productName = GitHubUserTest;
			productReference = 49E30DCE2B9CE6EA00CC7A2B /* GitHubUserTest.app */;
			productType = "com.apple.product-type.application";
		};
/* End PBXNativeTarget section */

/* Begin PBXProject section */
		49E30DC62B9CE6E900CC7A2B /* Project object */ = {
			isa = PBXProject;
			attributes = {
				BuildIndependentTargetsInParallel = 1;
				LastSwiftUpdateCheck = 1520;
				LastUpgradeCheck = 1520;
				TargetAttributes = {
					49E30DCD2B9CE6EA00CC7A2B = {
						CreatedOnToolsVersion = 15.2;
					};
				};
			};
			buildConfigurationList = 49E30DC92B9CE6E900CC7A2B /* Build configuration list for PBXProject "GitHubUserTest" */;
			compatibilityVersion = "Xcode 14.0";
			developmentRegion = en;
			hasScannedForEncodings = 0;
			knownRegions = (
				en,
				Base,
			);
			mainGroup = 49E30DC52B9CE6E900CC7A2B;
			productRefGroup = 49E30DCF2B9CE6EA00CC7A2B /* Products */;
			projectDirPath = "";
			projectRoot = "";
			targets = (
				49E30DCD2B9CE6EA00CC7A2B /* GitHubUserTest */,
			);
		};
/* End PBXProject section */

/* Begin PBXResourcesBuildPhase section */
		49E30DCC2B9CE6EA00CC7A2B /* Resources */ = {
			isa = PBXResourcesBuildPhase;
			buildActionMask = 2147483647;
			files = (
				49E30DDE2B9CE6EB00CC7A2B /* LaunchScreen.storyboard in Resources */,
				49E30DDB2B9CE6EB00CC7A2B /* Assets.xcassets in Resources */,
				49E30DD92B9CE6EA00CC7A2B /* Main.storyboard in Resources */,
			);
			runOnlyForDeploymentPostprocessing = 0;
		};
/* End PBXResourcesBuildPhase section */

/* Begin PBXShellScriptBuildPhase section */
		328C57CB0FA0517F884090A8 /* [CP] Check Pods Manifest.lock */ = {
			isa = PBXShellScriptBuildPhase;
			buildActionMask = 2147483647;
			files = (
			);
			inputFileListPaths = (
			);
			inputPaths = (
				"${PODS_PODFILE_DIR_PATH}/Podfile.lock",
				"${PODS_ROOT}/Manifest.lock",
			);
			name = "[CP] Check Pods Manifest.lock";
			outputFileListPaths = (
			);
			outputPaths = (
				"$(DERIVED_FILE_DIR)/Pods-GitHubUserTest-checkManifestLockResult.txt",
			);
			runOnlyForDeploymentPostprocessing = 0;
			shellPath = /bin/sh;
			shellScript = "diff \"${PODS_PODFILE_DIR_PATH}/Podfile.lock\" \"${PODS_ROOT}/Manifest.lock\" > /dev/null\nif [ $? != 0 ] ; then\n    # print error to STDERR\n    echo \"error: The sandbox is not in sync with the Podfile.lock. Run 'pod install' or update your CocoaPods installation.\" >&2\n    exit 1\nfi\n# This output is used by Xcode 'outputs' to avoid re-running this script phase.\necho \"SUCCESS\" > \"${SCRIPT_OUTPUT_FILE_0}\"\n";
			showEnvVarsInLog = 0;
		};
		BCDA68FF33CFDFEC394853AA /* [CP] Embed Pods Frameworks */ = {
			isa = PBXShellScriptBuildPhase;
			buildActionMask = 2147483647;
			files = (
			);
			inputFileListPaths = (
				"${PODS_ROOT}/Target Support Files/Pods-GitHubUserTest/Pods-GitHubUserTest-frameworks-${CONFIGURATION}-input-files.xcfilelist",
			);
			name = "[CP] Embed Pods Frameworks";
			outputFileListPaths = (
				"${PODS_ROOT}/Target Support Files/Pods-GitHubUserTest/Pods-GitHubUserTest-frameworks-${CONFIGURATION}-output-files.xcfilelist",
			);
			runOnlyForDeploymentPostprocessing = 0;
			shellPath = /bin/sh;
			shellScript = "\"${PODS_ROOT}/Target Support Files/Pods-GitHubUserTest/Pods-GitHubUserTest-frameworks.sh\"\n";
			showEnvVarsInLog = 0;
		};
/* End PBXShellScriptBuildPhase section */

/* Begin PBXSourcesBuildPhase section */
		49E30DCA2B9CE6EA00CC7A2B /* Sources */ = {
			isa = PBXSourcesBuildPhase;
			buildActionMask = 2147483647;
			files = (
				49E30DD22B9CE6EA00CC7A2B /* AppDelegate.swift in Sources */,
				49E30DE62B9D09ED00CC7A2B /* HomeViewController.swift in Sources */,
				49E30DEC2B9D115F00CC7A2B /* UserBean.swift in Sources */,
				49E30DE92B9D0F0400CC7A2B /* ApiService.swift in Sources */,
			);
			runOnlyForDeploymentPostprocessing = 0;
		};
/* End PBXSourcesBuildPhase section */

/* Begin PBXVariantGroup section */
		49E30DD72B9CE6EA00CC7A2B /* Main.storyboard */ = {
			isa = PBXVariantGroup;
			children = (
				49E30DD82B9CE6EA00CC7A2B /* Base */,
			);
			name = Main.storyboard;
			sourceTree = "<group>";
		};
		49E30DDC2B9CE6EB00CC7A2B /* LaunchScreen.storyboard */ = {
			isa = PBXVariantGroup;
			children = (
				49E30DDD2B9CE6EB00CC7A2B /* Base */,
			);
			name = LaunchScreen.storyboard;
			sourceTree = "<group>";
		};
/* End PBXVariantGroup section */

/* Begin XCBuildConfiguration section */
		49E30DE02B9CE6EB00CC7A2B /* Debug */ = {
			isa = XCBuildConfiguration;
			buildSettings = {
				ALWAYS_SEARCH_USER_PATHS = NO;
				ASSETCATALOG_COMPILER_GENERATE_SWIFT_ASSET_SYMBOL_EXTENSIONS = YES;
				CLANG_ANALYZER_NONNULL = YES;
				CLANG_ANALYZER_NUMBER_OBJECT_CONVERSION = YES_AGGRESSIVE;
				CLANG_CXX_LANGUAGE_STANDARD = "gnu++20";
				CLANG_ENABLE_MODULES = YES;
				CLANG_ENABLE_OBJC_ARC = YES;
				CLANG_ENABLE_OBJC_WEAK = YES;
				CLANG_WARN_BLOCK_CAPTURE_AUTORELEASING = YES;
				CLANG_WARN_BOOL_CONVERSION = YES;
				CLANG_WARN_COMMA = YES;
				CLANG_WARN_CONSTANT_CONVERSION = YES;
				CLANG_WARN_DEPRECATED_OBJC_IMPLEMENTATIONS = YES;
				CLANG_WARN_DIRECT_OBJC_ISA_USAGE = YES_ERROR;
				CLANG_WARN_DOCUMENTATION_COMMENTS = YES;
				CLANG_WARN_EMPTY_BODY = YES;
				CLANG_WARN_ENUM_CONVERSION = YES;
				CLANG_WARN_INFINITE_RECURSION = YES;
				CLANG_WARN_INT_CONVERSION = YES;
				CLANG_WARN_NON_LITERAL_NULL_CONVERSION = YES;
				CLANG_WARN_OBJC_IMPLICIT_RETAIN_SELF = YES;
				CLANG_WARN_OBJC_LITERAL_CONVERSION = YES;
				CLANG_WARN_OBJC_ROOT_CLASS = YES_ERROR;
				CLANG_WARN_QUOTED_INCLUDE_IN_FRAMEWORK_HEADER = YES;
				CLANG_WARN_RANGE_LOOP_ANALYSIS = YES;
				CLANG_WARN_STRICT_PROTOTYPES = YES;
				CLANG_WARN_SUSPICIOUS_MOVE = YES;
				CLANG_WARN_UNGUARDED_AVAILABILITY = YES_AGGRESSIVE;
				CLANG_WARN_UNREACHABLE_CODE = YES;
				CLANG_WARN__DUPLICATE_METHOD_MATCH = YES;
				COPY_PHASE_STRIP = NO;
				DEBUG_INFORMATION_FORMAT = dwarf;
				ENABLE_STRICT_OBJC_MSGSEND = YES;
				ENABLE_TESTABILITY = YES;
				ENABLE_USER_SCRIPT_SANDBOXING = NO;
				GCC_C_LANGUAGE_STANDARD = gnu17;
				GCC_DYNAMIC_NO_PIC = NO;
				GCC_NO_COMMON_BLOCKS = YES;
				GCC_OPTIMIZATION_LEVEL = 0;
				GCC_PREPROCESSOR_DEFINITIONS = (
					"DEBUG=1",
					"$(inherited)",
				);
				GCC_WARN_64_TO_32_BIT_CONVERSION = YES;
				GCC_WARN_ABOUT_RETURN_TYPE = YES_ERROR;
				GCC_WARN_UNDECLARED_SELECTOR = YES;
				GCC_WARN_UNINITIALIZED_AUTOS = YES_AGGRESSIVE;
				GCC_WARN_UNUSED_FUNCTION = YES;
				GCC_WARN_UNUSED_VARIABLE = YES;
				IPHONEOS_DEPLOYMENT_TARGET = 17.2;
				LOCALIZATION_PREFERS_STRING_CATALOGS = YES;
				MTL_ENABLE_DEBUG_INFO = INCLUDE_SOURCE;
				MTL_FAST_MATH = YES;
				ONLY_ACTIVE_ARCH = YES;
				SDKROOT = iphoneos;
				SWIFT_ACTIVE_COMPILATION_CONDITIONS = "DEBUG $(inherited)";
				SWIFT_OPTIMIZATION_LEVEL = "-Onone";
			};
			name = Debug;
		};
		49E30DE12B9CE6EB00CC7A2B /* Release */ = {
			isa = XCBuildConfiguration;
			buildSettings = {
				ALWAYS_SEARCH_USER_PATHS = NO;
				ASSETCATALOG_COMPILER_GENERATE_SWIFT_ASSET_SYMBOL_EXTENSIONS = YES;
				CLANG_ANALYZER_NONNULL = YES;
				CLANG_ANALYZER_NUMBER_OBJECT_CONVERSION = YES_AGGRESSIVE;
				CLANG_CXX_LANGUAGE_STANDARD = "gnu++20";
				CLANG_ENABLE_MODULES = YES;
				CLANG_ENABLE_OBJC_ARC = YES;
				CLANG_ENABLE_OBJC_WEAK = YES;
				CLANG_WARN_BLOCK_CAPTURE_AUTORELEASING = YES;
				CLANG_WARN_BOOL_CONVERSION = YES;
				CLANG_WARN_COMMA = YES;
				CLANG_WARN_CONSTANT_CONVERSION = YES;
				CLANG_WARN_DEPRECATED_OBJC_IMPLEMENTATIONS = YES;
				CLANG_WARN_DIRECT_OBJC_ISA_USAGE = YES_ERROR;
				CLANG_WARN_DOCUMENTATION_COMMENTS = YES;
				CLANG_WARN_EMPTY_BODY = YES;
				CLANG_WARN_ENUM_CONVERSION = YES;
				CLANG_WARN_INFINITE_RECURSION = YES;
				CLANG_WARN_INT_CONVERSION = YES;
				CLANG_WARN_NON_LITERAL_NULL_CONVERSION = YES;
				CLANG_WARN_OBJC_IMPLICIT_RETAIN_SELF = YES;
				CLANG_WARN_OBJC_LITERAL_CONVERSION = YES;
				CLANG_WARN_OBJC_ROOT_CLASS = YES_ERROR;
				CLANG_WARN_QUOTED_INCLUDE_IN_FRAMEWORK_HEADER = YES;
				CLANG_WARN_RANGE_LOOP_ANALYSIS = YES;
				CLANG_WARN_STRICT_PROTOTYPES = YES;
				CLANG_WARN_SUSPICIOUS_MOVE = YES;
				CLANG_WARN_UNGUARDED_AVAILABILITY = YES_AGGRESSIVE;
				CLANG_WARN_UNREACHABLE_CODE = YES;
				CLANG_WARN__DUPLICATE_METHOD_MATCH = YES;
				COPY_PHASE_STRIP = NO;
				DEBUG_INFORMATION_FORMAT = "dwarf-with-dsym";
				ENABLE_NS_ASSERTIONS = NO;
				ENABLE_STRICT_OBJC_MSGSEND = YES;
				ENABLE_USER_SCRIPT_SANDBOXING = NO;
				GCC_C_LANGUAGE_STANDARD = gnu17;
				GCC_NO_COMMON_BLOCKS = YES;
				GCC_WARN_64_TO_32_BIT_CONVERSION = YES;
				GCC_WARN_ABOUT_RETURN_TYPE = YES_ERROR;
				GCC_WARN_UNDECLARED_SELECTOR = YES;
				GCC_WARN_UNINITIALIZED_AUTOS = YES_AGGRESSIVE;
				GCC_WARN_UNUSED_FUNCTION = YES;
				GCC_WARN_UNUSED_VARIABLE = YES;
				IPHONEOS_DEPLOYMENT_TARGET = 17.2;
				LOCALIZATION_PREFERS_STRING_CATALOGS = YES;
				MTL_ENABLE_DEBUG_INFO = NO;
				MTL_FAST_MATH = YES;
				SDKROOT = iphoneos;
				SWIFT_COMPILATION_MODE = wholemodule;
				VALIDATE_PRODUCT = YES;
			};
			name = Release;
		};
		49E30DE32B9CE6EB00CC7A2B /* Debug */ = {
			isa = XCBuildConfiguration;
			baseConfigurationReference = 7A4F37189E9E308EE84D80C7 /* Pods-GitHubUserTest.debug.xcconfig */;
			buildSettings = {
				ASSETCATALOG_COMPILER_APPICON_NAME = AppIcon;
				ASSETCATALOG_COMPILER_GLOBAL_ACCENT_COLOR_NAME = AccentColor;
				CODE_SIGN_STYLE = Automatic;
				CURRENT_PROJECT_VERSION = 1;
				DEVELOPMENT_TEAM = J25W84N475;
				GENERATE_INFOPLIST_FILE = YES;
				INFOPLIST_FILE = GitHubUserTest/Info.plist;
				INFOPLIST_KEY_UIApplicationSupportsIndirectInputEvents = YES;
				INFOPLIST_KEY_UILaunchStoryboardName = LaunchScreen;
				INFOPLIST_KEY_UIMainStoryboardFile = Main;
				INFOPLIST_KEY_UISupportedInterfaceOrientations = UIInterfaceOrientationPortrait;
				LD_RUNPATH_SEARCH_PATHS = (
					"$(inherited)",
					"@executable_path/Frameworks",
				);
				MARKETING_VERSION = 1.0;
				PRODUCT_BUNDLE_IDENTIFIER = com.steviTest.GitHubUserTest;
				PRODUCT_NAME = "$(TARGET_NAME)";
				SWIFT_EMIT_LOC_STRINGS = YES;
				SWIFT_VERSION = 5.0;
				TARGETED_DEVICE_FAMILY = "1,2";
			};
			name = Debug;
		};
		49E30DE42B9CE6EB00CC7A2B /* Release */ = {
			isa = XCBuildConfiguration;
			baseConfigurationReference = F872C2F4A2FF8388109E575B /* Pods-GitHubUserTest.release.xcconfig */;
			buildSettings = {
				ASSETCATALOG_COMPILER_APPICON_NAME = AppIcon;
				ASSETCATALOG_COMPILER_GLOBAL_ACCENT_COLOR_NAME = AccentColor;
				CODE_SIGN_STYLE = Automatic;
				CURRENT_PROJECT_VERSION = 1;
				DEVELOPMENT_TEAM = J25W84N475;
				GENERATE_INFOPLIST_FILE = YES;
				INFOPLIST_FILE = GitHubUserTest/Info.plist;
				INFOPLIST_KEY_UIApplicationSupportsIndirectInputEvents = YES;
				INFOPLIST_KEY_UILaunchStoryboardName = LaunchScreen;
				INFOPLIST_KEY_UIMainStoryboardFile = Main;
				INFOPLIST_KEY_UISupportedInterfaceOrientations = UIInterfaceOrientationPortrait;
				LD_RUNPATH_SEARCH_PATHS = (
					"$(inherited)",
					"@executable_path/Frameworks",
				);
				MARKETING_VERSION = 1.0;
				PRODUCT_BUNDLE_IDENTIFIER = com.steviTest.GitHubUserTest;
				PRODUCT_NAME = "$(TARGET_NAME)";
				SWIFT_EMIT_LOC_STRINGS = YES;
				SWIFT_VERSION = 5.0;
				TARGETED_DEVICE_FAMILY = "1,2";
			};
			name = Release;
		};
/* End XCBuildConfiguration section */

/* Begin XCConfigurationList section */
		49E30DC92B9CE6E900CC7A2B /* Build configuration list for PBXProject "GitHubUserTest" */ = {
			isa = XCConfigurationList;
			buildConfigurations = (
				49E30DE02B9CE6EB00CC7A2B /* Debug */,
				49E30DE12B9CE6EB00CC7A2B /* Release */,
			);
			defaultConfigurationIsVisible = 0;
			defaultConfigurationName = Release;
		};
		49E30DE22B9CE6EB00CC7A2B /* Build configuration list for PBXNativeTarget "GitHubUserTest" */ = {
			isa = XCConfigurationList;
			buildConfigurations = (
				49E30DE32B9CE6EB00CC7A2B /* Debug */,
				49E30DE42B9CE6EB00CC7A2B /* Release */,
			);
			defaultConfigurationIsVisible = 0;
			defaultConfigurationName = Release;
		};
/* End XCConfigurationList section */
	};
	rootObject = 49E30DC62B9CE6E900CC7A2B /* Project object */;
}
